
Microsoft Visual Studio Solution File, Format Version 12.00
# Visual Studio Version 17
VisualStudioVersion = 17.14.36414.22 d17.14
MinimumVisualStudioVersion = 10.0.40219.1
Project("{FAE04EC0-301F-11D3-BF4B-00C04F79EFBC}") = "Connect4Game", "Connect4Game\Connect4Game.csproj", "{507E6E14-5764-4B56-8C7D-1061C7EE74FB}"
EndProject
Global
	GlobalSection(SolutionConfigurationPlatforms) = preSolution
		Debug|Any CPU = Debug|Any CPU
		Release|Any CPU = Release|Any CPU
	EndGlobalSection
	GlobalSection(ProjectConfigurationPlatforms) = postSolution
		{507E6E14-5764-4B56-8C7D-1061C7EE74FB}.Debug|Any CPU.ActiveCfg = Debug|Any CPU
		{507E6E14-5764-4B56-8C7D-1061C7EE74FB}.Debug|Any CPU.Build.0 = Debug|Any CPU
		{507E6E14-5764-4B56-8C7D-1061C7EE74FB}.Debug|Any CPU.Deploy.0 = Debug|Any CPU
		{507E6E14-5764-4B56-8C7D-1061C7EE74FB}.Release|Any CPU.ActiveCfg = Release|Any CPU
		{507E6E14-5764-4B56-8C7D-1061C7EE74FB}.Release|Any CPU.Build.0 = Release|Any CPU
		{507E6E14-5764-4B56-8C7D-1061C7EE74FB}.Release|Any CPU.Deploy.0 = Release|Any CPU
	EndGlobalSection
	GlobalSection(SolutionProperties) = preSolution
		HideSolutionNode = FALSE
	EndGlobalSection
	GlobalSection(ExtensibilityGlobals) = postSolution
		SolutionGuid = {17010542-49E3-4748-B082-6C12CFE4EFD7}
	EndGlobalSection
EndGlobal
